
Microsoft Visual Studio Solution File, Format Version 11.00
# Visual Studio 2010
Project("{8BC9CEB8-8B4A-11D0-8D11-00A0C91BC942}") = "pi_finder_thread", "pi_finder_thread.vcxproj", "{DA7D0C39-C013-4974-B622-17B172F62E25}"
EndProject
Global
	GlobalSection(SolutionConfigurationPlatforms) = preSolution
		Debug|Win32 = Debug|Win32
		Release|Win32 = Release|Win32
	EndGlobalSection
	GlobalSection(ProjectConfigurationPlatforms) = postSolution
		{DA7D0C39-C013-4974-B622-17B172F62E25}.Debug|Win32.ActiveCfg = Debug|Win32
		{DA7D0C39-C013-4974-B622-17B172F62E25}.Debug|Win32.Build.0 = Debug|Win32
		{DA7D0C39-C013-4974-B622-17B172F62E25}.Release|Win32.ActiveCfg = Release|Win32
		{DA7D0C39-C013-4974-B622-17B172F62E25}.Release|Win32.Build.0 = Release|Win32
	EndGlobalSection
	GlobalSection(SolutionProperties) = preSolution
		HideSolutionNode = FALSE
	EndGlobalSection
EndGlobal
